
Microsoft Visual Studio Solution File, Format Version 12.00
# Visual Studio Version 17
VisualStudioVersion = 17.10.35013.160
MinimumVisualStudioVersion = 10.0.40219.1
Project("{2150E333-8FDC-42A3-9474-1A3956D46DE8}") = "src", "src", "{CBD7C809-E974-4B9E-8718-B71A80FFC88E}"
EndProject
Project("{2150E333-8FDC-42A3-9474-1A3956D46DE8}") = "tests", "tests", "{C758B741-FBE5-4E01-A693-E4832CDF0627}"
EndProject
Project("{2150E333-8FDC-42A3-9474-1A3956D46DE8}") = "Backend", "Backend", "{A82DC090-E387-4E91-89AE-3A83ABDB474D}"
EndProject
Project("{2150E333-8FDC-42A3-9474-1A3956D46DE8}") = "Shared", "Shared", "{9BEF9939-53C6-4519-B12D-FDDA5D455D39}"
EndProject
Project("{9A19103F-16F7-4668-BE54-9A1E7A4F7556}") = "MyRecipeBook.API", "src\Backend\MyRecipeBook.API\MyRecipeBook.API.csproj", "{BE10980A-DC3F-4CD7-96ED-63CAB52AF0EB}"
EndProject
Project("{9A19103F-16F7-4668-BE54-9A1E7A4F7556}") = "MyRecipeBook.Application", "src\Backend\MyRecipeBook.Application\MyRecipeBook.Application.csproj", "{6C736406-8E92-4D09-99F2-1481BF4CF5D9}"
EndProject
Project("{9A19103F-16F7-4668-BE54-9A1E7A4F7556}") = "MyRecipeBook.Domain", "src\Backend\MyRecipeBook.Domain\MyRecipeBook.Domain.csproj", "{F93E665D-A690-45B0-85DF-9F6FC18EA3B3}"
EndProject
Project("{9A19103F-16F7-4668-BE54-9A1E7A4F7556}") = "MyRecipeBook.Infrastructure", "src\Backend\MyRecipeBook.Infrastructure\MyRecipeBook.Infrastructure.csproj", "{6A8CADD7-02C9-417B-B49B-79A16D321162}"
EndProject
Project("{9A19103F-16F7-4668-BE54-9A1E7A4F7556}") = "MyRecipeBook.Communication", "src\Shared\MyRecipeBook.Communication\MyRecipeBook.Communication.csproj", "{C906E80E-BFB2-4F2A-BCC8-6F33329930BD}"
EndProject
Project("{9A19103F-16F7-4668-BE54-9A1E7A4F7556}") = "MyRecipeBook.Exceptions", "src\Shared\MyRecipeBook.Exceptions\MyRecipeBook.Exceptions.csproj", "{F1006E7F-4D3B-49AC-B937-89683AAD0A3E}"
EndProject
Project("{9A19103F-16F7-4668-BE54-9A1E7A4F7556}") = "Validators.Test", "tests\Validators.Test\Validators.Test.csproj", "{BB90CFAD-0F66-4674-8F6B-D23127C4A8C4}"
EndProject
Project("{9A19103F-16F7-4668-BE54-9A1E7A4F7556}") = "CommonTestUtilities", "tests\CommonTestUtilities\CommonTestUtilities.csproj", "{A1F56DA8-6252-450C-B0D0-ED92629A7B50}"
EndProject
Project("{9A19103F-16F7-4668-BE54-9A1E7A4F7556}") = "UseCases.Test", "tests\UseCases.Test\UseCases.Test.csproj", "{1F7DB8A0-199D-427D-A655-2A6B2172EB4D}"
EndProject
Project("{9A19103F-16F7-4668-BE54-9A1E7A4F7556}") = "WebApi.Test", "tests\WebApi.Test\WebApi.Test.csproj", "{0FEC9B1A-4934-410F-81D8-896CAB04E7E4}"
EndProject
Project("{E53339B2-1760-4266-BCC7-CA923CBCF16C}") = "docker-compose", "docker-compose.dcproj", "{48A26614-BB12-45B5-A939-8A598BB27ED6}"
EndProject
Global
	GlobalSection(SolutionConfigurationPlatforms) = preSolution
		Debug|Any CPU = Debug|Any CPU
		Release|Any CPU = Release|Any CPU
	EndGlobalSection
	GlobalSection(ProjectConfigurationPlatforms) = postSolution
		{BE10980A-DC3F-4CD7-96ED-63CAB52AF0EB}.Debug|Any CPU.ActiveCfg = Debug|Any CPU
		{BE10980A-DC3F-4CD7-96ED-63CAB52AF0EB}.Debug|Any CPU.Build.0 = Debug|Any CPU
		{BE10980A-DC3F-4CD7-96ED-63CAB52AF0EB}.Release|Any CPU.ActiveCfg = Release|Any CPU
		{BE10980A-DC3F-4CD7-96ED-63CAB52AF0EB}.Release|Any CPU.Build.0 = Release|Any CPU
		{6C736406-8E92-4D09-99F2-1481BF4CF5D9}.Debug|Any CPU.ActiveCfg = Debug|Any CPU
		{6C736406-8E92-4D09-99F2-1481BF4CF5D9}.Debug|Any CPU.Build.0 = Debug|Any CPU
		{6C736406-8E92-4D09-99F2-1481BF4CF5D9}.Release|Any CPU.ActiveCfg = Release|Any CPU
		{6C736406-8E92-4D09-99F2-1481BF4CF5D9}.Release|Any CPU.Build.0 = Release|Any CPU
		{F93E665D-A690-45B0-85DF-9F6FC18EA3B3}.Debug|Any CPU.ActiveCfg = Debug|Any CPU
		{F93E665D-A690-45B0-85DF-9F6FC18EA3B3}.Debug|Any CPU.Build.0 = Debug|Any CPU
		{F93E665D-A690-45B0-85DF-9F6FC18EA3B3}.Release|Any CPU.ActiveCfg = Release|Any CPU
		{F93E665D-A690-45B0-85DF-9F6FC18EA3B3}.Release|Any CPU.Build.0 = Release|Any CPU
		{6A8CADD7-02C9-417B-B49B-79A16D321162}.Debug|Any CPU.ActiveCfg = Debug|Any CPU
		{6A8CADD7-02C9-417B-B49B-79A16D321162}.Debug|Any CPU.Build.0 = Debug|Any CPU
		{6A8CADD7-02C9-417B-B49B-79A16D321162}.Release|Any CPU.ActiveCfg = Release|Any CPU
		{6A8CADD7-02C9-417B-B49B-79A16D321162}.Release|Any CPU.Build.0 = Release|Any CPU
		{C906E80E-BFB2-4F2A-BCC8-6F33329930BD}.Debug|Any CPU.ActiveCfg = Debug|Any CPU
		{C906E80E-BFB2-4F2A-BCC8-6F33329930BD}.Debug|Any CPU.Build.0 = Debug|Any CPU
		{C906E80E-BFB2-4F2A-BCC8-6F33329930BD}.Release|Any CPU.ActiveCfg = Release|Any CPU
		{C906E80E-BFB2-4F2A-BCC8-6F33329930BD}.Release|Any CPU.Build.0 = Release|Any CPU
		{F1006E7F-4D3B-49AC-B937-89683AAD0A3E}.Debug|Any CPU.ActiveCfg = Debug|Any CPU
		{F1006E7F-4D3B-49AC-B937-89683AAD0A3E}.Debug|Any CPU.Build.0 = Debug|Any CPU
		{F1006E7F-4D3B-49AC-B937-89683AAD0A3E}.Release|Any CPU.ActiveCfg = Release|Any CPU
		{F1006E7F-4D3B-49AC-B937-89683AAD0A3E}.Release|Any CPU.Build.0 = Release|Any CPU
		{BB90CFAD-0F66-4674-8F6B-D23127C4A8C4}.Debug|Any CPU.ActiveCfg = Debug|Any CPU
		{BB90CFAD-0F66-4674-8F6B-D23127C4A8C4}.Debug|Any CPU.Build.0 = Debug|Any CPU
		{BB90CFAD-0F66-4674-8F6B-D23127C4A8C4}.Release|Any CPU.ActiveCfg = Release|Any CPU
		{BB90CFAD-0F66-4674-8F6B-D23127C4A8C4}.Release|Any CPU.Build.0 = Release|Any CPU
		{A1F56DA8-6252-450C-B0D0-ED92629A7B50}.Debug|Any CPU.ActiveCfg = Debug|Any CPU
		{A1F56DA8-6252-450C-B0D0-ED92629A7B50}.Debug|Any CPU.Build.0 = Debug|Any CPU
		{A1F56DA8-6252-450C-B0D0-ED92629A7B50}.Release|Any CPU.ActiveCfg = Release|Any CPU
		{A1F56DA8-6252-450C-B0D0-ED92629A7B50}.Release|Any CPU.Build.0 = Release|Any CPU
		{1F7DB8A0-199D-427D-A655-2A6B2172EB4D}.Debug|Any CPU.ActiveCfg = Debug|Any CPU
		{1F7DB8A0-199D-427D-A655-2A6B2172EB4D}.Debug|Any CPU.Build.0 = Debug|Any CPU
		{1F7DB8A0-199D-427D-A655-2A6B2172EB4D}.Release|Any CPU.ActiveCfg = Release|Any CPU
		{1F7DB8A0-199D-427D-A655-2A6B2172EB4D}.Release|Any CPU.Build.0 = Release|Any CPU
		{0FEC9B1A-4934-410F-81D8-896CAB04E7E4}.Debug|Any CPU.ActiveCfg = Debug|Any CPU
		{0FEC9B1A-4934-410F-81D8-896CAB04E7E4}.Debug|Any CPU.Build.0 = Debug|Any CPU
		{0FEC9B1A-4934-410F-81D8-896CAB04E7E4}.Release|Any CPU.ActiveCfg = Release|Any CPU
		{0FEC9B1A-4934-410F-81D8-896CAB04E7E4}.Release|Any CPU.Build.0 = Release|Any CPU
		{48A26614-BB12-45B5-A939-8A598BB27ED6}.Debug|Any CPU.ActiveCfg = Debug|Any CPU
		{48A26614-BB12-45B5-A939-8A598BB27ED6}.Debug|Any CPU.Build.0 = Debug|Any CPU
		{48A26614-BB12-45B5-A939-8A598BB27ED6}.Release|Any CPU.ActiveCfg = Release|Any CPU
		{48A26614-BB12-45B5-A939-8A598BB27ED6}.Release|Any CPU.Build.0 = Release|Any CPU
	EndGlobalSection
	GlobalSection(SolutionProperties) = preSolution
		HideSolutionNode = FALSE
	EndGlobalSection
	GlobalSection(NestedProjects) = preSolution
		{A82DC090-E387-4E91-89AE-3A83ABDB474D} = {CBD7C809-E974-4B9E-8718-B71A80FFC88E}
		{9BEF9939-53C6-4519-B12D-FDDA5D455D39} = {CBD7C809-E974-4B9E-8718-B71A80FFC88E}
		{BE10980A-DC3F-4CD7-96ED-63CAB52AF0EB} = {A82DC090-E387-4E91-89AE-3A83ABDB474D}
		{6C736406-8E92-4D09-99F2-1481BF4CF5D9} = {A82DC090-E387-4E91-89AE-3A83ABDB474D}
		{F93E665D-A690-45B0-85DF-9F6FC18EA3B3} = {A82DC090-E387-4E91-89AE-3A83ABDB474D}
		{6A8CADD7-02C9-417B-B49B-79A16D321162} = {A82DC090-E387-4E91-89AE-3A83ABDB474D}
		{C906E80E-BFB2-4F2A-BCC8-6F33329930BD} = {9BEF9939-53C6-4519-B12D-FDDA5D455D39}
		{F1006E7F-4D3B-49AC-B937-89683AAD0A3E} = {9BEF9939-53C6-4519-B12D-FDDA5D455D39}
		{BB90CFAD-0F66-4674-8F6B-D23127C4A8C4} = {C758B741-FBE5-4E01-A693-E4832CDF0627}
		{A1F56DA8-6252-450C-B0D0-ED92629A7B50} = {C758B741-FBE5-4E01-A693-E4832CDF0627}
		{1F7DB8A0-199D-427D-A655-2A6B2172EB4D} = {C758B741-FBE5-4E01-A693-E4832CDF0627}
		{0FEC9B1A-4934-410F-81D8-896CAB04E7E4} = {C758B741-FBE5-4E01-A693-E4832CDF0627}
	EndGlobalSection
	GlobalSection(ExtensibilityGlobals) = postSolution
		SolutionGuid = {A3C4E323-F4D6-4644-9591-868AFAE2DB16}
	EndGlobalSection
EndGlobal
